
Microsoft Visual Studio Solution File, Format Version 12.00
# Visual Studio Version 17
VisualStudioVersion = 17.7.34202.233
MinimumVisualStudioVersion = 10.0.40219.1
Project("{FAE04EC0-301F-11D3-BF4B-00C04F79EFBC}") = "NombresRomains", "NombresRomains\NombresRomains.csproj", "{F2391715-DDEC-409F-9259-C65B3040E42A}"
EndProject
Project("{FAE04EC0-301F-11D3-BF4B-00C04F79EFBC}") = "NombresRomains.Test", "NombresRomains.Test\NombresRomains.Test.csproj", "{92FD7683-3F57-46DE-B9FE-925D9E341FFE}"
EndProject
Global
	GlobalSection(SolutionConfigurationPlatforms) = preSolution
		Debug|Any CPU = Debug|Any CPU
		Release|Any CPU = Release|Any CPU
	EndGlobalSection
	GlobalSection(ProjectConfigurationPlatforms) = postSolution
		{F2391715-DDEC-409F-9259-C65B3040E42A}.Debug|Any CPU.ActiveCfg = Debug|Any CPU
		{F2391715-DDEC-409F-9259-C65B3040E42A}.Debug|Any CPU.Build.0 = Debug|Any CPU
		{F2391715-DDEC-409F-9259-C65B3040E42A}.Release|Any CPU.ActiveCfg = Release|Any CPU
		{F2391715-DDEC-409F-9259-C65B3040E42A}.Release|Any CPU.Build.0 = Release|Any CPU
		{92FD7683-3F57-46DE-B9FE-925D9E341FFE}.Debug|Any CPU.ActiveCfg = Debug|Any CPU
		{92FD7683-3F57-46DE-B9FE-925D9E341FFE}.Debug|Any CPU.Build.0 = Debug|Any CPU
		{92FD7683-3F57-46DE-B9FE-925D9E341FFE}.Release|Any CPU.ActiveCfg = Release|Any CPU
		{92FD7683-3F57-46DE-B9FE-925D9E341FFE}.Release|Any CPU.Build.0 = Release|Any CPU
	EndGlobalSection
	GlobalSection(SolutionProperties) = preSolution
		HideSolutionNode = FALSE
	EndGlobalSection
	GlobalSection(ExtensibilityGlobals) = postSolution
		SolutionGuid = {1EED7DE8-BED6-4B47-8107-02D2ECD431E6}
	EndGlobalSection
EndGlobal
